github.com/soypat/cyw43439 v0.0.0-20260112220010-064a839f63bb h1:qF3a7qm4uKwRcxPWexEIw7lpQaeTcPkTUY8sd+lcZqM=
github.com/soypat/cyw43439 v0.0.0-20260112220010-064a839f63bb/go.mod h1:oXpTlhrJ/HxN5Ipu5Z57eLI8jadcrUf1eS00PezD9hQ=
github.com/soypat/cyw43439 v0.0.0-20260125204952-1d59f013ae39 h1:r1qePRlEU5PXcz7AVruDRdElCvTHKP0dSVydm2BGT4s=
github.com/soypat/cyw43439 v0.0.0-20260125204952-1d59f013ae39/go.mod h1:oXpTlhrJ/HxN5Ipu5Z57eLI8jadcrUf1eS00PezD9hQ=
github.com/soypat/cyw43439 v0.0.0-20260127031032-0d72e76d5bde h1:DkL7bS0j9n2RyWxJdtMeKS/oYyRYbVE6+zWYZZvU8Ro=
github.com/soypat/cyw43439 v0.0.0-20260127031032-0d72e76d5bde/go.mod h1:oXpTlhrJ/HxN5Ipu5Z57eLI8jadcrUf1eS00PezD9hQ=
github.com/soypat/cyw43439 v0.0.0-20260203102207-2eb55a2299fb h1:zJz0RLd9V2/n4JPavlLof4CmA7HqofFvX4kCThGM4BU=
github.com/soypat/cyw43439 v0.0.0-20260203102207-2eb55a2299fb/go.mod h1:oXpTlhrJ/HxN5Ipu5Z57eLI8jadcrUf1eS00PezD9hQ=
github.com/soypat/cyw43439 v0.0.0-20260213213032-b1046b1c6b0b h1:Ul18rBeCvpVI0f7OdfVJPvY37jQIgwfZ5wyQUNAmZ/A=
github.com/soypat/cyw43439 v0.0.0-20260213213032-b1046b1c6b0b/go.mod h1:VgyKV+6ETkyrbPy4dIu4PFp7J51doOy9Vjh6qza867k=
github.com/soypat/cyw43439 v0.0.0-20260217135551-697a3e381493 h1:BmzJ0fti+pHbc1PIWMm+RZwyGKHW1DdkIsZB0Sp9KU8=
github.com/soypat/cyw43439 v0.0.0-20260217135551-697a3e381493/go.mod h1:VgyKV+6ETkyrbPy4dIu4PFp7J51doOy9Vjh6qza867k=
github.com/soypat/cyw43439 v0.0.0-20260314175645-ccad307079a3 h1:XBjShvm5yf/YXzn/tG7wpI5aMQuc5sFpQzZ09QHhyYo=
github.com/soypat/cyw43439 v0.0.0-20260314175645-ccad307079a3/go.mod h1:NRaHy/FsdHbxBRyfuG4Kn1gfCZpiDrN8UAL1vKHad2A=
github.com/soypat/lneto v0.0.0-20260112140510-1a427323f2ca h1:CFfW5Bf1WKSs/kgl7V+nS4rQTIAhlEWrcUvpb0SPCog=
github.com/soypat/lneto v0.0.0-20260112140510-1a427323f2ca/go.mod h1:g/8Lk+hIsMZydyWDJjK2YfsCuG6jA5mWCO6U+4S7w1U=
github.com/soypat/lneto v0.0.0-20260126151213-6a6097a9ace7 h1:8WwFjBtRPmNbbNYZyPsseNVmhjFmnqeaIstFD6I6sk4=
github.com/soypat/lneto v0.0.0-20260126151213-6a6097a9ace7/go.mod h1:g/8Lk+hIsMZydyWDJjK2YfsCuG6jA5mWCO6U+4S7w1U=
github.com/soypat/lneto v0.0.0-20260205211827-199d978c9958 h1:9zApz3nmvEf0PYNkvvh8b78nWJQeZJeKkheEsfN+QhQ=
github.com/soypat/lneto v0.0.0-20260205211827-199d978c9958/go.mod h1:g/8Lk+hIsMZydyWDJjK2YfsCuG6jA5mWCO6U+4S7w1U=
github.com/soypat/lneto v0.0.0-20260305203516-270b8df043e5 h1:89kECaG4KaDGOUb342FndSXDCy1iBkDLVvyuvABxVA8=
github.com/soypat/lneto v0.0.0-20260305203516-270b8df043e5/go.mod h1:g/8Lk+hIsMZydyWDJjK2YfsCuG6jA5mWCO6U+4S7w1U=
github.com/soypat/seqs v0.0.0-20250124201400-0d65bc7c1710 h1:Y9fBuiR/urFY/m76+SAZTxk2xAOS2n85f+H1CugajeA=
github.com/soypat/seqs v0.0.0-20250124201400-0d65bc7c1710/go.mod h1:oCVCNGCHMKoBj97Zp9znLbQ1nHxpkmOY9X+UAGzOxc8=
github.com/soypat/seqs v0.0.0-20260125140838-2c1c6b1bd69e h1:xF3R+8683ngGNUeIy8PHJZiJZ/XIw+hlGgxg572P0Mw=
github.com/soypat/seqs v0.0.0-20260125140838-2c1c6b1bd69e/go.mod h1:oCVCNGCHMKoBj97Zp9znLbQ1nHxpkmOY9X+UAGzOxc8=
github.com/tinygo-org/pio v0.2.0 h1:vo3xa6xDZ2rVtxrks/KcTZHF3qq4lyWOntvEvl2pOhU=
github.com/tinygo-org/pio v0.2.0/go.mod h1:LU7Dw00NJ+N86QkeTGjMLNkYcEYMor6wTDpTCu0EaH8=
golang.org/x/exp v0.0.0-20240808152545-0cdaa3abc0fa h1:ELnwvuAXPNtPk1TJRuGkI9fDTwym6AYBu0qzT8AcHdI=
golang.org/x/exp v0.0.0-20240808152545-0cdaa3abc0fa/go.mod h1:akd2r19cwCdwSwWeIdzYQGa/EZZyqcOdwWiwj5L5eKQ=
golang.org/x/exp v0.0.0-20260112195511-716be5621a96 h1:Z/6YuSHTLOHfNFdb8zVZomZr7cqNgTJvA8+Qz75D8gU=
golang.org/x/exp v0.0.0-20260112195511-716be5621a96/go.mod h1:nzimsREAkjBCIEFtHiYkrJyT+2uy9YZJB7H1k68CXZU=
